
Microsoft Visual Studio Solution File, Format Version 12.00
# Visual Studio 15
VisualStudioVersion = 15.0.28307.106
MinimumVisualStudioVersion = 10.0.40219.1
Project("{FAE04EC0-301F-11D3-BF4B-00C04F79EFBC}") = "CSVViewer", "CSVViewer\CSVViewer.csproj", "{DF298DAE-7FC4-4765-BCB3-F92801E5F942}"
EndProject
Project("{FAE04EC0-301F-11D3-BF4B-00C04F79EFBC}") = "CSVViewerTest", "CSVViewerTest\CSVViewerTest.csproj", "{D2822D2B-5774-48A5-A9DD-DECD9A9EEE51}"
EndProject
Global
	GlobalSection(SolutionConfigurationPlatforms) = preSolution
		Debug|Any CPU = Debug|Any CPU
		Release|Any CPU = Release|Any CPU
	EndGlobalSection
	GlobalSection(ProjectConfigurationPlatforms) = postSolution
		{DF298DAE-7FC4-4765-BCB3-F92801E5F942}.Debug|Any CPU.ActiveCfg = Debug|Any CPU
		{DF298DAE-7FC4-4765-BCB3-F92801E5F942}.Debug|Any CPU.Build.0 = Debug|Any CPU
		{DF298DAE-7FC4-4765-BCB3-F92801E5F942}.Release|Any CPU.ActiveCfg = Release|Any CPU
		{DF298DAE-7FC4-4765-BCB3-F92801E5F942}.Release|Any CPU.Build.0 = Release|Any CPU
		{D2822D2B-5774-48A5-A9DD-DECD9A9EEE51}.Debug|Any CPU.ActiveCfg = Debug|Any CPU
		{D2822D2B-5774-48A5-A9DD-DECD9A9EEE51}.Debug|Any CPU.Build.0 = Debug|Any CPU
		{D2822D2B-5774-48A5-A9DD-DECD9A9EEE51}.Release|Any CPU.ActiveCfg = Release|Any CPU
		{D2822D2B-5774-48A5-A9DD-DECD9A9EEE51}.Release|Any CPU.Build.0 = Release|Any CPU
	EndGlobalSection
	GlobalSection(SolutionProperties) = preSolution
		HideSolutionNode = FALSE
	EndGlobalSection
	GlobalSection(ExtensibilityGlobals) = postSolution
		SolutionGuid = {C4A9FA3E-7F56-402D-B366-CE700C63675B}
	EndGlobalSection
EndGlobal
